// !$*UTF8*$!
{
	archiveVersion = 1;
	classes = {
	};
	objectVersion = 50;
	objects = {

/* Begin PBXBuildFile section */
		AB3111572416E3B900B655DE /* NSNotification.mm in Sources */ = {isa = PBXBuildFile; fileRef = AB3111552416E3B900B655DE /* NSNotification.mm */; };
		AB3111582416E3B900B655DE /* NSNotification.h in Headers */ = {isa = PBXBuildFile; fileRef = AB3111562416E3B900B655DE /* NSNotification.h */; };
		AB31115B2416E3CC00B655DE /* NSUbiquitousKeyValueStore.h in Headers */ = {isa = PBXBuildFile; fileRef = AB3111592416E3CB00B655DE /* NSUbiquitousKeyValueStore.h */; };
		AB31115C2416E3CC00B655DE /* NSUbiquitousKeyValueStore.mm in Sources */ = {isa = PBXBuildFile; fileRef = AB31115A2416E3CB00B655DE /* NSUbiquitousKeyValueStore.mm */; };
		AB31117724181F2900B655DE /* UbiquityIdentityToken.h in Headers */ = {isa = PBXBuildFile; fileRef = AB31117524181F2900B655DE /* UbiquityIdentityToken.h */; };
		AB31117824181F2900B655DE /* UbiquityIdentityToken.mm in Sources */ = {isa = PBXBuildFile; fileRef = AB31117624181F2900B655DE /* UbiquityIdentityToken.mm */; };
		AB31117B24181F3F00B655DE /* ICloudNotifications.h in Headers */ = {isa = PBXBuildFile; fileRef = AB31117924181F3E00B655DE /* ICloudNotifications.h */; };
		AB31117C24181F3F00B655DE /* ICloudNotifications.mm in Sources */ = {isa = PBXBuildFile; fileRef = AB31117A24181F3F00B655DE /* ICloudNotifications.mm */; };
		AB3C64D523F6F9AD00B20CC4 /* CKAsset.h in Headers */ = {isa = PBXBuildFile; fileRef = AB3C647423F6F9A100B20CC4 /* CKAsset.h */; };
		AB3C64D623F6F9AD00B20CC4 /* NSCoder.mm in Sources */ = {isa = PBXBuildFile; fileRef = AB3C647523F6F9A100B20CC4 /* NSCoder.mm */; };
		AB3C64D723F6F9AD00B20CC4 /* CKQuerySubscription.h in Headers */ = {isa = PBXBuildFile; fileRef = AB3C647623F6F9A100B20CC4 /* CKQuerySubscription.h */; };
		AB3C64D823F6F9AD00B20CC4 /* NSError.h in Headers */ = {isa = PBXBuildFile; fileRef = AB3C647723F6F9A100B20CC4 /* NSError.h */; };
		AB3C64D923F6F9AD00B20CC4 /* CKNotificationID.mm in Sources */ = {isa = PBXBuildFile; fileRef = AB3C647823F6F9A100B20CC4 /* CKNotificationID.mm */; };
		AB3C64DA23F6F9AD00B20CC4 /* CKQuery.mm in Sources */ = {isa = PBXBuildFile; fileRef = AB3C647923F6F9A100B20CC4 /* CKQuery.mm */; };
		AB3C64DB23F6F9AD00B20CC4 /* CKUserIdentity.h in Headers */ = {isa = PBXBuildFile; fileRef = AB3C647A23F6F9A100B20CC4 /* CKUserIdentity.h */; };
		AB3C64DC23F6F9AD00B20CC4 /* CKRecord.mm in Sources */ = {isa = PBXBuildFile; fileRef = AB3C647B23F6F9A100B20CC4 /* CKRecord.mm */; };
		AB3C64DD23F6F9AD00B20CC4 /* CKDatabaseOperation.mm in Sources */ = {isa = PBXBuildFile; fileRef = AB3C647C23F6F9A100B20CC4 /* CKDatabaseOperation.mm */; };
		AB3C64DE23F6F9AD00B20CC4 /* CKDiscoverUserIdentitiesOperation.mm in Sources */ = {isa = PBXBuildFile; fileRef = AB3C647D23F6F9A200B20CC4 /* CKDiscoverUserIdentitiesOperation.mm */; };
		AB3C64DF23F6F9AD00B20CC4 /* CKNotification.h in Headers */ = {isa = PBXBuildFile; fileRef = AB3C647E23F6F9A200B20CC4 /* CKNotification.h */; };
		AB3C64E023F6F9AD00B20CC4 /* CKQueryOperation.mm in Sources */ = {isa = PBXBuildFile; fileRef = AB3C647F23F6F9A200B20CC4 /* CKQueryOperation.mm */; };
		AB3C64E123F6F9AD00B20CC4 /* CKOperationGroup.mm in Sources */ = {isa = PBXBuildFile; fileRef = AB3C648023F6F9A200B20CC4 /* CKOperationGroup.mm */; };
		AB3C64E223F6F9AD00B20CC4 /* CKFetchShareParticipantsOperation.h in Headers */ = {isa = PBXBuildFile; fileRef = AB3C648123F6F9A200B20CC4 /* CKFetchShareParticipantsOperation.h */; };
		AB3C64E323F6F9AD00B20CC4 /* CKDiscoverUserIdentitiesOperation.h in Headers */ = {isa = PBXBuildFile; fileRef = AB3C648223F6F9A200B20CC4 /* CKDiscoverUserIdentitiesOperation.h */; };
		AB3C64E423F6F9AE00B20CC4 /* CKNotificationInfo.h in Headers */ = {isa = PBXBuildFile; fileRef = AB3C648323F6F9A200B20CC4 /* CKNotificationInfo.h */; };
		AB3C64E523F6F9AE00B20CC4 /* CKShareParticipant.h in Headers */ = {isa = PBXBuildFile; fileRef = AB3C648423F6F9A200B20CC4 /* CKShareParticipant.h */; };
		AB3C64E623F6F9AE00B20CC4 /* Converters.h in Headers */ = {isa = PBXBuildFile; fileRef = AB3C648523F6F9A300B20CC4 /* Converters.h */; };
		AB3C64E823F6F9AE00B20CC4 /* CKQueryCursor.mm in Sources */ = {isa = PBXBuildFile; fileRef = AB3C648723F6F9A300B20CC4 /* CKQueryCursor.mm */; };
		AB3C64E923F6F9AE00B20CC4 /* CKOperation.h in Headers */ = {isa = PBXBuildFile; fileRef = AB3C648823F6F9A300B20CC4 /* CKOperation.h */; };
		AB3C64EA23F6F9AE00B20CC4 /* CKModifyRecordsOperation.mm in Sources */ = {isa = PBXBuildFile; fileRef = AB3C648923F6F9A300B20CC4 /* CKModifyRecordsOperation.mm */; };
		AB3C64EB23F6F9AE00B20CC4 /* CKFetchShareMetadataOperation.mm in Sources */ = {isa = PBXBuildFile; fileRef = AB3C648A23F6F9A300B20CC4 /* CKFetchShareMetadataOperation.mm */; };
		AB3C64EC23F6F9AE00B20CC4 /* CKShareMetadata.mm in Sources */ = {isa = PBXBuildFile; fileRef = AB3C648B23F6F9A300B20CC4 /* CKShareMetadata.mm */; };
		AB3C64ED23F6F9AE00B20CC4 /* CKServerChangeToken.mm in Sources */ = {isa = PBXBuildFile; fileRef = AB3C648C23F6F9A400B20CC4 /* CKServerChangeToken.mm */; };
		AB3C64EE23F6F9AE00B20CC4 /* NSError.mm in Sources */ = {isa = PBXBuildFile; fileRef = AB3C648D23F6F9A400B20CC4 /* NSError.mm */; };
		AB3C64EF23F6F9AE00B20CC4 /* CKQuery.h in Headers */ = {isa = PBXBuildFile; fileRef = AB3C648E23F6F9A400B20CC4 /* CKQuery.h */; };
		AB3C64F023F6F9AE00B20CC4 /* CKFetchRecordZonesOperation.mm in Sources */ = {isa = PBXBuildFile; fileRef = AB3C648F23F6F9A400B20CC4 /* CKFetchRecordZonesOperation.mm */; };
		AB3C64F123F6F9AE00B20CC4 /* CKQueryOperation.h in Headers */ = {isa = PBXBuildFile; fileRef = AB3C649023F6F9A400B20CC4 /* CKQueryOperation.h */; };
		AB3C64F223F6F9AE00B20CC4 /* CKAcceptSharesOperation.h in Headers */ = {isa = PBXBuildFile; fileRef = AB3C649123F6F9A500B20CC4 /* CKAcceptSharesOperation.h */; };
		AB3C64F323F6F9AE00B20CC4 /* CKReference.mm in Sources */ = {isa = PBXBuildFile; fileRef = AB3C649223F6F9A500B20CC4 /* CKReference.mm */; };
		AB3C64F423F6F9AE00B20CC4 /* CKUserIdentity.mm in Sources */ = {isa = PBXBuildFile; fileRef = AB3C649323F6F9A500B20CC4 /* CKUserIdentity.mm */; };
		AB3C64F523F6F9AE00B20CC4 /* CKModifyRecordZonesOperation.h in Headers */ = {isa = PBXBuildFile; fileRef = AB3C649423F6F9A500B20CC4 /* CKModifyRecordZonesOperation.h */; };
		AB3C64F623F6F9AE00B20CC4 /* CKRecordZoneNotification.h in Headers */ = {isa = PBXBuildFile; fileRef = AB3C649523F6F9A500B20CC4 /* CKRecordZoneNotification.h */; };
		AB3C64F723F6F9AE00B20CC4 /* CKQueryCursor.h in Headers */ = {isa = PBXBuildFile; fileRef = AB3C649623F6F9A600B20CC4 /* CKQueryCursor.h */; };
		AB3C64F823F6F9AE00B20CC4 /* CKDatabaseNotification.mm in Sources */ = {isa = PBXBuildFile; fileRef = AB3C649723F6F9A600B20CC4 /* CKDatabaseNotification.mm */; };
		AB3C64F923F6F9AE00B20CC4 /* Callbacks.h in Headers */ = {isa = PBXBuildFile; fileRef = AB3C649823F6F9A600B20CC4 /* Callbacks.h */; };
		AB3C64FA23F6F9AE00B20CC4 /* CKRecordZoneNotification.mm in Sources */ = {isa = PBXBuildFile; fileRef = AB3C649923F6F9A600B20CC4 /* CKRecordZoneNotification.mm */; };
		AB3C64FB23F6F9AE00B20CC4 /* CKServerChangeToken.h in Headers */ = {isa = PBXBuildFile; fileRef = AB3C649A23F6F9A600B20CC4 /* CKServerChangeToken.h */; };
		AB3C64FC23F6F9AE00B20CC4 /* CKAsset.mm in Sources */ = {isa = PBXBuildFile; fileRef = AB3C649B23F6F9A600B20CC4 /* CKAsset.mm */; };
		AB3C64FD23F6F9AE00B20CC4 /* CKFetchRecordZonesOperation.h in Headers */ = {isa = PBXBuildFile; fileRef = AB3C649C23F6F9A700B20CC4 /* CKFetchRecordZonesOperation.h */; };
		AB3C64FE23F6F9AE00B20CC4 /* CKContainer.mm in Sources */ = {isa = PBXBuildFile; fileRef = AB3C649D23F6F9A700B20CC4 /* CKContainer.mm */; };
		AB3C650023F6F9AE00B20CC4 /* CKUserIdentityLookupInfo.h in Headers */ = {isa = PBXBuildFile; fileRef = AB3C649F23F6F9A700B20CC4 /* CKUserIdentityLookupInfo.h */; };
		AB3C650123F6F9AE00B20CC4 /* CKOperation.mm in Sources */ = {isa = PBXBuildFile; fileRef = AB3C64A023F6F9A700B20CC4 /* CKOperation.mm */; };
		AB3C650223F6F9AE00B20CC4 /* CKRecordZoneID.h in Headers */ = {isa = PBXBuildFile; fileRef = AB3C64A123F6F9A700B20CC4 /* CKRecordZoneID.h */; };
		AB3C650323F6F9AE00B20CC4 /* NSCoder.h in Headers */ = {isa = PBXBuildFile; fileRef = AB3C64A223F6F9A800B20CC4 /* NSCoder.h */; };
		AB3C650423F6F9AE00B20CC4 /* CKNotification.mm in Sources */ = {isa = PBXBuildFile; fileRef = AB3C64A323F6F9A800B20CC4 /* CKNotification.mm */; };
		AB3C650523F6F9AE00B20CC4 /* CKFetchDatabaseChangesOperation.h in Headers */ = {isa = PBXBuildFile; fileRef = AB3C64A423F6F9A800B20CC4 /* CKFetchDatabaseChangesOperation.h */; };
		AB3C650623F6F9AE00B20CC4 /* CKOperationConfiguration.h in Headers */ = {isa = PBXBuildFile; fileRef = AB3C64A523F6F9A800B20CC4 /* CKOperationConfiguration.h */; };
		AB3C650723F6F9AE00B20CC4 /* CKModifyRecordZonesOperation.mm in Sources */ = {isa = PBXBuildFile; fileRef = AB3C64A623F6F9A800B20CC4 /* CKModifyRecordZonesOperation.mm */; };
		AB3C650823F6F9AE00B20CC4 /* CKSubscription.mm in Sources */ = {isa = PBXBuildFile; fileRef = AB3C64A723F6F9A800B20CC4 /* CKSubscription.mm */; };
		AB3C650923F6F9AE00B20CC4 /* CKDatabase.h in Headers */ = {isa = PBXBuildFile; fileRef = AB3C64A823F6F9A900B20CC4 /* CKDatabase.h */; };
		AB3C650A23F6F9AE00B20CC4 /* CKUserIdentityLookupInfo.mm in Sources */ = {isa = PBXBuildFile; fileRef = AB3C64A923F6F9A900B20CC4 /* CKUserIdentityLookupInfo.mm */; };
		AB3C650B23F6F9AE00B20CC4 /* CKFetchRecordZoneChangesOperation.mm in Sources */ = {isa = PBXBuildFile; fileRef = AB3C64AA23F6F9A900B20CC4 /* CKFetchRecordZoneChangesOperation.mm */; };
		AB3C650C23F6F9AE00B20CC4 /* CKNotificationInfo.mm in Sources */ = {isa = PBXBuildFile; fileRef = AB3C64AB23F6F9A900B20CC4 /* CKNotificationInfo.mm */; };
		AB3C650D23F6F9AE00B20CC4 /* CKFetchRecordsOperation.h in Headers */ = {isa = PBXBuildFile; fileRef = AB3C64AC23F6F9A900B20CC4 /* CKFetchRecordsOperation.h */; };
		AB3C650E23F6F9AE00B20CC4 /* CKNotificationID.h in Headers */ = {isa = PBXBuildFile; fileRef = AB3C64AD23F6F9AA00B20CC4 /* CKNotificationID.h */; };
		AB3C650F23F6F9AE00B20CC4 /* CKSubscriptionID.mm in Sources */ = {isa = PBXBuildFile; fileRef = AB3C64AE23F6F9AA00B20CC4 /* CKSubscriptionID.mm */; };
		AB3C651023F6F9AE00B20CC4 /* CKModifyRecordsOperation.h in Headers */ = {isa = PBXBuildFile; fileRef = AB3C64AF23F6F9AA00B20CC4 /* CKModifyRecordsOperation.h */; };
		AB3C651123F6F9AE00B20CC4 /* CKRecordID.mm in Sources */ = {isa = PBXBuildFile; fileRef = AB3C64B023F6F9AA00B20CC4 /* CKRecordID.mm */; };
		AB3C651223F6F9AE00B20CC4 /* CKAcceptSharesOperation.mm in Sources */ = {isa = PBXBuildFile; fileRef = AB3C64B123F6F9AA00B20CC4 /* CKAcceptSharesOperation.mm */; };
		AB3C651323F6F9AE00B20CC4 /* CKContainer.h in Headers */ = {isa = PBXBuildFile; fileRef = AB3C64B223F6F9AA00B20CC4 /* CKContainer.h */; };
		AB3C651423F6F9AE00B20CC4 /* CKLocationSortDescriptor.h in Headers */ = {isa = PBXBuildFile; fileRef = AB3C64B323F6F9AA00B20CC4 /* CKLocationSortDescriptor.h */; };
		AB3C651523F6F9AE00B20CC4 /* CKFetchShareMetadataOperation.h in Headers */ = {isa = PBXBuildFile; fileRef = AB3C64B423F6F9AB00B20CC4 /* CKFetchShareMetadataOperation.h */; };
		AB3C651623F6F9AE00B20CC4 /* CKFetchRecordZoneChangesOperation.h in Headers */ = {isa = PBXBuildFile; fileRef = AB3C64B523F6F9AB00B20CC4 /* CKFetchRecordZoneChangesOperation.h */; };
		AB3C651723F6F9AE00B20CC4 /* CKDatabaseOperation.h in Headers */ = {isa = PBXBuildFile; fileRef = AB3C64B623F6F9AB00B20CC4 /* CKDatabaseOperation.h */; };
		AB3C651823F6F9AE00B20CC4 /* CKFetchDatabaseChangesOperation.mm in Sources */ = {isa = PBXBuildFile; fileRef = AB3C64B723F6F9AB00B20CC4 /* CKFetchDatabaseChangesOperation.mm */; };
		AB3C651923F6F9AE00B20CC4 /* CKSubscriptionID.h in Headers */ = {isa = PBXBuildFile; fileRef = AB3C64B823F6F9AB00B20CC4 /* CKSubscriptionID.h */; };
		AB3C651A23F6F9AE00B20CC4 /* CKFetchShareParticipantsOperation.mm in Sources */ = {isa = PBXBuildFile; fileRef = AB3C64B923F6F9AC00B20CC4 /* CKFetchShareParticipantsOperation.mm */; };
		AB3C651B23F6F9AE00B20CC4 /* CKRecordZone.mm in Sources */ = {isa = PBXBuildFile; fileRef = AB3C64BA23F6F9AC00B20CC4 /* CKRecordZone.mm */; };
		AB3C651C23F6F9AE00B20CC4 /* CKShare.mm in Sources */ = {isa = PBXBuildFile; fileRef = AB3C64BB23F6F9AC00B20CC4 /* CKShare.mm */; };
		AB3C651D23F6F9AE00B20CC4 /* CKQueryNotification.h in Headers */ = {isa = PBXBuildFile; fileRef = AB3C64BC23F6F9AC00B20CC4 /* CKQueryNotification.h */; };
		AB3C651E23F6F9AE00B20CC4 /* CKFetchRecordsOperation.mm in Sources */ = {isa = PBXBuildFile; fileRef = AB3C64BD23F6F9AC00B20CC4 /* CKFetchRecordsOperation.mm */; };
		AB3C651F23F6F9AE00B20CC4 /* CKRecordZoneID.mm in Sources */ = {isa = PBXBuildFile; fileRef = AB3C64BE23F6F9AC00B20CC4 /* CKRecordZoneID.mm */; };
		AB3C652023F6F9AE00B20CC4 /* Converters.m in Sources */ = {isa = PBXBuildFile; fileRef = AB3C64BF23F6F9AC00B20CC4 /* Converters.m */; };
		AB3C652123F6F9AE00B20CC4 /* NSPredicate.h in Headers */ = {isa = PBXBuildFile; fileRef = AB3C64C023F6F9AC00B20CC4 /* NSPredicate.h */; };
		AB3C652223F6F9AE00B20CC4 /* CKQuerySubscription.mm in Sources */ = {isa = PBXBuildFile; fileRef = AB3C64C123F6F9AC00B20CC4 /* CKQuerySubscription.mm */; };
		AB3C652323F6F9AE00B20CC4 /* CKRecord.h in Headers */ = {isa = PBXBuildFile; fileRef = AB3C64C223F6F9AC00B20CC4 /* CKRecord.h */; };
		AB3C652423F6F9AE00B20CC4 /* CKDatabase.mm in Sources */ = {isa = PBXBuildFile; fileRef = AB3C64C323F6F9AC00B20CC4 /* CKDatabase.mm */; };
		AB3C652523F6F9AE00B20CC4 /* CKRecordZone.h in Headers */ = {isa = PBXBuildFile; fileRef = AB3C64C423F6F9AC00B20CC4 /* CKRecordZone.h */; };
		AB3C652623F6F9AE00B20CC4 /* CKOperationConfiguration.mm in Sources */ = {isa = PBXBuildFile; fileRef = AB3C64C523F6F9AC00B20CC4 /* CKOperationConfiguration.mm */; };
		AB3C652723F6F9AE00B20CC4 /* CKQueryNotification.mm in Sources */ = {isa = PBXBuildFile; fileRef = AB3C64C623F6F9AC00B20CC4 /* CKQueryNotification.mm */; };
		AB3C652823F6F9AE00B20CC4 /* NSPersonNameComponents.mm in Sources */ = {isa = PBXBuildFile; fileRef = AB3C64C723F6F9AC00B20CC4 /* NSPersonNameComponents.mm */; };
		AB3C652923F6F9AE00B20CC4 /* NSPredicate.mm in Sources */ = {isa = PBXBuildFile; fileRef = AB3C64C823F6F9AD00B20CC4 /* NSPredicate.mm */; };
		AB3C652A23F6F9AE00B20CC4 /* CKOperationGroup.h in Headers */ = {isa = PBXBuildFile; fileRef = AB3C64C923F6F9AD00B20CC4 /* CKOperationGroup.h */; };
		AB3C652B23F6F9AE00B20CC4 /* CKShare.h in Headers */ = {isa = PBXBuildFile; fileRef = AB3C64CA23F6F9AD00B20CC4 /* CKShare.h */; };
		AB3C652C23F6F9AE00B20CC4 /* NSURL.h in Headers */ = {isa = PBXBuildFile; fileRef = AB3C64CB23F6F9AD00B20CC4 /* NSURL.h */; };
		AB3C652D23F6F9AE00B20CC4 /* CKShareMetadata.h in Headers */ = {isa = PBXBuildFile; fileRef = AB3C64CC23F6F9AD00B20CC4 /* CKShareMetadata.h */; };
		AB3C652E23F6F9AE00B20CC4 /* CKRecordID.h in Headers */ = {isa = PBXBuildFile; fileRef = AB3C64CD23F6F9AD00B20CC4 /* CKRecordID.h */; };
		AB3C652F23F6F9AE00B20CC4 /* CKDatabaseNotification.h in Headers */ = {isa = PBXBuildFile; fileRef = AB3C64CE23F6F9AD00B20CC4 /* CKDatabaseNotification.h */; };
		AB3C653023F6F9AE00B20CC4 /* CKLocationSortDescriptor.mm in Sources */ = {isa = PBXBuildFile; fileRef = AB3C64CF23F6F9AD00B20CC4 /* CKLocationSortDescriptor.mm */; };
		AB3C653123F6F9AE00B20CC4 /* CKReference.h in Headers */ = {isa = PBXBuildFile; fileRef = AB3C64D023F6F9AD00B20CC4 /* CKReference.h */; };
		AB3C653223F6F9AE00B20CC4 /* NSURL.mm in Sources */ = {isa = PBXBuildFile; fileRef = AB3C64D123F6F9AD00B20CC4 /* NSURL.mm */; };
		AB3C653323F6F9AE00B20CC4 /* CKShareParticipant.mm in Sources */ = {isa = PBXBuildFile; fileRef = AB3C64D223F6F9AD00B20CC4 /* CKShareParticipant.mm */; };
		AB3C653423F6F9AE00B20CC4 /* CKSubscription.h in Headers */ = {isa = PBXBuildFile; fileRef = AB3C64D323F6F9AD00B20CC4 /* CKSubscription.h */; };
		AB3C653523F6F9AE00B20CC4 /* NSPersonNameComponents.h in Headers */ = {isa = PBXBuildFile; fileRef = AB3C64D423F6F9AD00B20CC4 /* NSPersonNameComponents.h */; };
		AB3C653723F6FD5800B20CC4 /* libHHCloudKitTVOS.a in CopyFiles */ = {isa = PBXBuildFile; fileRef = AB3C646823F6F98800B20CC4 /* libHHCloudKitTVOS.a */; };
		AB5583FA2405EE2300EE0573 /* NSSortDescriptor.mm in Sources */ = {isa = PBXBuildFile; fileRef = AB5583F82405EE2300EE0573 /* NSSortDescriptor.mm */; };
		AB5583FB2405EE2300EE0573 /* NSSortDescriptor.h in Headers */ = {isa = PBXBuildFile; fileRef = AB5583F92405EE2300EE0573 /* NSSortDescriptor.h */; };
		AB588910240D430000B10456 /* NSException.mm in Sources */ = {isa = PBXBuildFile; fileRef = AB58890E240D430000B10456 /* NSException.mm */; };
		AB588911240D430000B10456 /* NSException.h in Headers */ = {isa = PBXBuildFile; fileRef = AB58890F240D430000B10456 /* NSException.h */; };
		AB81C35D248D71650003242F /* ICloudNotificationsIOS.mm in Sources */ = {isa = PBXBuildFile; fileRef = AB81C35B248D71650003242F /* ICloudNotificationsIOS.mm */; };
		AB81C35E248D71650003242F /* ICloudNotificationsIOS.h in Headers */ = {isa = PBXBuildFile; fileRef = AB81C35C248D71650003242F /* ICloudNotificationsIOS.h */; };
		AB81C361248D72190003242F /* Swizzler.m in Sources */ = {isa = PBXBuildFile; fileRef = AB81C35F248D72180003242F /* Swizzler.m */; };
		AB81C362248D72190003242F /* Swizzler.h in Headers */ = {isa = PBXBuildFile; fileRef = AB81C360248D72190003242F /* Swizzler.h */; };
		ABE0EB62241A753400C29997 /* NSFileManager.h in Headers */ = {isa = PBXBuildFile; fileRef = ABE0EB60241A753400C29997 /* NSFileManager.h */; };
		ABE0EB63241A753500C29997 /* NSFileManager.mm in Sources */ = {isa = PBXBuildFile; fileRef = ABE0EB61241A753400C29997 /* NSFileManager.mm */; };
		ABE7A9832483E13000093195 /* CKFetchSubscriptionsOperation.h in Headers */ = {isa = PBXBuildFile; fileRef = ABE7A9812483E13000093195 /* CKFetchSubscriptionsOperation.h */; };
		ABE7A9842483E13000093195 /* CKFetchSubscriptionsOperation.mm in Sources */ = {isa = PBXBuildFile; fileRef = ABE7A9822483E13000093195 /* CKFetchSubscriptionsOperation.mm */; };
		ABE7A9872483E14000093195 /* CKModifySubscriptionsOperation.mm in Sources */ = {isa = PBXBuildFile; fileRef = ABE7A9852483E13F00093195 /* CKModifySubscriptionsOperation.mm */; };
		ABE7A9882483E14000093195 /* CKModifySubscriptionsOperation.h in Headers */ = {isa = PBXBuildFile; fileRef = ABE7A9862483E14000093195 /* CKModifySubscriptionsOperation.h */; };
		ABE7A98B2483E15400093195 /* CKRecordZoneSubscription.h in Headers */ = {isa = PBXBuildFile; fileRef = ABE7A9892483E15400093195 /* CKRecordZoneSubscription.h */; };
		ABE7A98C2483E15400093195 /* CKRecordZoneSubscription.mm in Sources */ = {isa = PBXBuildFile; fileRef = ABE7A98A2483E15400093195 /* CKRecordZoneSubscription.mm */; };
/* End PBXBuildFile section */

/* Begin PBXCopyFilesBuildPhase section */
		AB3C653623F6FD4C00B20CC4 /* CopyFiles */ = {
			isa = PBXCopyFilesBuildPhase;
			buildActionMask = 2147483647;
			dstPath = "${PROJECT_DIR}/../../UnityCloudKitPlugin/Packages/CloudKit/Runtime/bin/TVOS";
			dstSubfolderSpec = 0;
			files = (
				AB3C653723F6FD5800B20CC4 /* libHHCloudKitTVOS.a in CopyFiles */,
			);
			runOnlyForDeploymentPostprocessing = 0;
		};
/* End PBXCopyFilesBuildPhase section */

/* Begin PBXFileReference section */
		AB3111552416E3B900B655DE /* NSNotification.mm */ = {isa = PBXFileReference; fileEncoding = 4; lastKnownFileType = sourcecode.cpp.objcpp; name = NSNotification.mm; path = ../../Common/NSNotification.mm; sourceTree = "<group>"; };
		AB3111562416E3B900B655DE /* NSNotification.h */ = {isa = PBXFileReference; fileEncoding = 4; lastKnownFileType = sourcecode.c.h; name = NSNotification.h; path = ../../Common/NSNotification.h; sourceTree = "<group>"; };
		AB3111592416E3CB00B655DE /* NSUbiquitousKeyValueStore.h */ = {isa = PBXFileReference; fileEncoding = 4; lastKnownFileType = sourcecode.c.h; name = NSUbiquitousKeyValueStore.h; path = ../../Common/NSUbiquitousKeyValueStore.h; sourceTree = "<group>"; };
		AB31115A2416E3CB00B655DE /* NSUbiquitousKeyValueStore.mm */ = {isa = PBXFileReference; fileEncoding = 4; lastKnownFileType = sourcecode.cpp.objcpp; name = NSUbiquitousKeyValueStore.mm; path = ../../Common/NSUbiquitousKeyValueStore.mm; sourceTree = "<group>"; };
		AB31117524181F2900B655DE /* UbiquityIdentityToken.h */ = {isa = PBXFileReference; fileEncoding = 4; lastKnownFileType = sourcecode.c.h; name = UbiquityIdentityToken.h; path = ../../Common/UbiquityIdentityToken.h; sourceTree = "<group>"; };
		AB31117624181F2900B655DE /* UbiquityIdentityToken.mm */ = {isa = PBXFileReference; fileEncoding = 4; lastKnownFileType = sourcecode.cpp.objcpp; name = UbiquityIdentityToken.mm; path = ../../Common/UbiquityIdentityToken.mm; sourceTree = "<group>"; };
		AB31117924181F3E00B655DE /* ICloudNotifications.h */ = {isa = PBXFileReference; fileEncoding = 4; lastKnownFileType = sourcecode.c.h; name = ICloudNotifications.h; path = ../../Common/ICloudNotifications.h; sourceTree = "<group>"; };
		AB31117A24181F3F00B655DE /* ICloudNotifications.mm */ = {isa = PBXFileReference; fileEncoding = 4; lastKnownFileType = sourcecode.cpp.objcpp; name = ICloudNotifications.mm; path = ../../Common/ICloudNotifications.mm; sourceTree = "<group>"; };
		AB3C646823F6F98800B20CC4 /* libHHCloudKitTVOS.a */ = {isa = PBXFileReference; explicitFileType = archive.ar; includeInIndex = 0; path = libHHCloudKitTVOS.a; sourceTree = BUILT_PRODUCTS_DIR; };
		AB3C647423F6F9A100B20CC4 /* CKAsset.h */ = {isa = PBXFileReference; fileEncoding = 4; lastKnownFileType = sourcecode.c.h; name = CKAsset.h; path = ../../Common/CKAsset.h; sourceTree = "<group>"; };
		AB3C647523F6F9A100B20CC4 /* NSCoder.mm */ = {isa = PBXFileReference; fileEncoding = 4; lastKnownFileType = sourcecode.cpp.objcpp; name = NSCoder.mm; path = ../../Common/NSCoder.mm; sourceTree = "<group>"; };
		AB3C647623F6F9A100B20CC4 /* CKQuerySubscription.h */ = {isa = PBXFileReference; fileEncoding = 4; lastKnownFileType = sourcecode.c.h; name = CKQuerySubscription.h; path = ../../Common/CKQuerySubscription.h; sourceTree = "<group>"; };
		AB3C647723F6F9A100B20CC4 /* NSError.h */ = {isa = PBXFileReference; fileEncoding = 4; lastKnownFileType = sourcecode.c.h; name = NSError.h; path = ../../Common/NSError.h; sourceTree = "<group>"; };
		AB3C647823F6F9A100B20CC4 /* CKNotificationID.mm */ = {isa = PBXFileReference; fileEncoding = 4; lastKnownFileType = sourcecode.cpp.objcpp; name = CKNotificationID.mm; path = ../../Common/CKNotificationID.mm; sourceTree = "<group>"; };
		AB3C647923F6F9A100B20CC4 /* CKQuery.mm */ = {isa = PBXFileReference; fileEncoding = 4; lastKnownFileType = sourcecode.cpp.objcpp; name = CKQuery.mm; path = ../../Common/CKQuery.mm; sourceTree = "<group>"; };
		AB3C647A23F6F9A100B20CC4 /* CKUserIdentity.h */ = {isa = PBXFileReference; fileEncoding = 4; lastKnownFileType = sourcecode.c.h; name = CKUserIdentity.h; path = ../../Common/CKUserIdentity.h; sourceTree = "<group>"; };
		AB3C647B23F6F9A100B20CC4 /* CKRecord.mm */ = {isa = PBXFileReference; fileEncoding = 4; lastKnownFileType = sourcecode.cpp.objcpp; name = CKRecord.mm; path = ../../Common/CKRecord.mm; sourceTree = "<group>"; };
		AB3C647C23F6F9A100B20CC4 /* CKDatabaseOperation.mm */ = {isa = PBXFileReference; fileEncoding = 4; lastKnownFileType = sourcecode.cpp.objcpp; name = CKDatabaseOperation.mm; path = ../../Common/CKDatabaseOperation.mm; sourceTree = "<group>"; };
		AB3C647D23F6F9A200B20CC4 /* CKDiscoverUserIdentitiesOperation.mm */ = {isa = PBXFileReference; fileEncoding = 4; lastKnownFileType = sourcecode.cpp.objcpp; name = CKDiscoverUserIdentitiesOperation.mm; path = ../../Common/CKDiscoverUserIdentitiesOperation.mm; sourceTree = "<group>"; };
		AB3C647E23F6F9A200B20CC4 /* CKNotification.h */ = {isa = PBXFileReference; fileEncoding = 4; lastKnownFileType = sourcecode.c.h; name = CKNotification.h; path = ../../Common/CKNotification.h; sourceTree = "<group>"; };
		AB3C647F23F6F9A200B20CC4 /* CKQueryOperation.mm */ = {isa = PBXFileReference; fileEncoding = 4; lastKnownFileType = sourcecode.cpp.objcpp; name = CKQueryOperation.mm; path = ../../Common/CKQueryOperation.mm; sourceTree = "<group>"; };
		AB3C648023F6F9A200B20CC4 /* CKOperationGroup.mm */ = {isa = PBXFileReference; fileEncoding = 4; lastKnownFileType = sourcecode.cpp.objcpp; name = CKOperationGroup.mm; path = ../../Common/CKOperationGroup.mm; sourceTree = "<group>"; };
		AB3C648123F6F9A200B20CC4 /* CKFetchShareParticipantsOperation.h */ = {isa = PBXFileReference; fileEncoding = 4; lastKnownFileType = sourcecode.c.h; name = CKFetchShareParticipantsOperation.h; path = ../../Common/CKFetchShareParticipantsOperation.h; sourceTree = "<group>"; };
		AB3C648223F6F9A200B20CC4 /* CKDiscoverUserIdentitiesOperation.h */ = {isa = PBXFileReference; fileEncoding = 4; lastKnownFileType = sourcecode.c.h; name = CKDiscoverUserIdentitiesOperation.h; path = ../../Common/CKDiscoverUserIdentitiesOperation.h; sourceTree = "<group>"; };
		AB3C648323F6F9A200B20CC4 /* CKNotificationInfo.h */ = {isa = PBXFileReference; fileEncoding = 4; lastKnownFileType = sourcecode.c.h; name = CKNotificationInfo.h; path = ../../Common/CKNotificationInfo.h; sourceTree = "<group>"; };
		AB3C648423F6F9A200B20CC4 /* CKShareParticipant.h */ = {isa = PBXFileReference; fileEncoding = 4; lastKnownFileType = sourcecode.c.h; name = CKShareParticipant.h; path = ../../Common/CKShareParticipant.h; sourceTree = "<group>"; };
		AB3C648523F6F9A300B20CC4 /* Converters.h */ = {isa = PBXFileReference; fileEncoding = 4; lastKnownFileType = sourcecode.c.h; name = Converters.h; path = ../../Common/Converters.h; sourceTree = "<group>"; };
		AB3C648723F6F9A300B20CC4 /* CKQueryCursor.mm */ = {isa = PBXFileReference; fileEncoding = 4; lastKnownFileType = sourcecode.cpp.objcpp; name = CKQueryCursor.mm; path = ../../Common/CKQueryCursor.mm; sourceTree = "<group>"; };
		AB3C648823F6F9A300B20CC4 /* CKOperation.h */ = {isa = PBXFileReference; fileEncoding = 4; lastKnownFileType = sourcecode.c.h; name = CKOperation.h; path = ../../Common/CKOperation.h; sourceTree = "<group>"; };
		AB3C648923F6F9A300B20CC4 /* CKModifyRecordsOperation.mm */ = {isa = PBXFileReference; fileEncoding = 4; lastKnownFileType = sourcecode.cpp.objcpp; name = CKModifyRecordsOperation.mm; path = ../../Common/CKModifyRecordsOperation.mm; sourceTree = "<group>"; };
		AB3C648A23F6F9A300B20CC4 /* CKFetchShareMetadataOperation.mm */ = {isa = PBXFileReference; fileEncoding = 4; lastKnownFileType = sourcecode.cpp.objcpp; name = CKFetchShareMetadataOperation.mm; path = ../../Common/CKFetchShareMetadataOperation.mm; sourceTree = "<group>"; };
		AB3C648B23F6F9A300B20CC4 /* CKShareMetadata.mm */ = {isa = PBXFileReference; fileEncoding = 4; lastKnownFileType = sourcecode.cpp.objcpp; name = CKShareMetadata.mm; path = ../../Common/CKShareMetadata.mm; sourceTree = "<group>"; };
		AB3C648C23F6F9A400B20CC4 /* CKServerChangeToken.mm */ = {isa = PBXFileReference; fileEncoding = 4; lastKnownFileType = sourcecode.cpp.objcpp; name = CKServerChangeToken.mm; path = ../../Common/CKServerChangeToken.mm; sourceTree = "<group>"; };
		AB3C648D23F6F9A400B20CC4 /* NSError.mm */ = {isa = PBXFileReference; fileEncoding = 4; lastKnownFileType = sourcecode.cpp.objcpp; name = NSError.mm; path = ../../Common/NSError.mm; sourceTree = "<group>"; };
		AB3C648E23F6F9A400B20CC4 /* CKQuery.h */ = {isa = PBXFileReference; fileEncoding = 4; lastKnownFileType = sourcecode.c.h; name = CKQuery.h; path = ../../Common/CKQuery.h; sourceTree = "<group>"; };
		AB3C648F23F6F9A400B20CC4 /* CKFetchRecordZonesOperation.mm */ = {isa = PBXFileReference; fileEncoding = 4; lastKnownFileType = sourcecode.cpp.objcpp; name = CKFetchRecordZonesOperation.mm; path = ../../Common/CKFetchRecordZonesOperation.mm; sourceTree = "<group>"; };
		AB3C649023F6F9A400B20CC4 /* CKQueryOperation.h */ = {isa = PBXFileReference; fileEncoding = 4; lastKnownFileType = sourcecode.c.h; name = CKQueryOperation.h; path = ../../Common/CKQueryOperation.h; sourceTree = "<group>"; };
		AB3C649123F6F9A500B20CC4 /* CKAcceptSharesOperation.h */ = {isa = PBXFileReference; fileEncoding = 4; lastKnownFileType = sourcecode.c.h; name = CKAcceptSharesOperation.h; path = ../../Common/CKAcceptSharesOperation.h; sourceTree = "<group>"; };
		AB3C649223F6F9A500B20CC4 /* CKReference.mm */ = {isa = PBXFileReference; fileEncoding = 4; lastKnownFileType = sourcecode.cpp.objcpp; name = CKReference.mm; path = ../../Common/CKReference.mm; sourceTree = "<group>"; };
		AB3C649323F6F9A500B20CC4 /* CKUserIdentity.mm */ = {isa = PBXFileReference; fileEncoding = 4; lastKnownFileType = sourcecode.cpp.objcpp; name = CKUserIdentity.mm; path = ../../Common/CKUserIdentity.mm; sourceTree = "<group>"; };
		AB3C649423F6F9A500B20CC4 /* CKModifyRecordZonesOperation.h */ = {isa = PBXFileReference; fileEncoding = 4; lastKnownFileType = sourcecode.c.h; name = CKModifyRecordZonesOperation.h; path = ../../Common/CKModifyRecordZonesOperation.h; sourceTree = "<group>"; };
		AB3C649523F6F9A500B20CC4 /* CKRecordZoneNotification.h */ = {isa = PBXFileReference; fileEncoding = 4; lastKnownFileType = sourcecode.c.h; name = CKRecordZoneNotification.h; path = ../../Common/CKRecordZoneNotification.h; sourceTree = "<group>"; };
		AB3C649623F6F9A600B20CC4 /* CKQueryCursor.h */ = {isa = PBXFileReference; fileEncoding = 4; lastKnownFileType = sourcecode.c.h; name = CKQueryCursor.h; path = ../../Common/CKQueryCursor.h; sourceTree = "<group>"; };
		AB3C649723F6F9A600B20CC4 /* CKDatabaseNotification.mm */ = {isa = PBXFileReference; fileEncoding = 4; lastKnownFileType = sourcecode.cpp.objcpp; name = CKDatabaseNotification.mm; path = ../../Common/CKDatabaseNotification.mm; sourceTree = "<group>"; };
		AB3C649823F6F9A600B20CC4 /* Callbacks.h */ = {isa = PBXFileReference; fileEncoding = 4; lastKnownFileType = sourcecode.c.h; name = Callbacks.h; path = ../../Common/Callbacks.h; sourceTree = "<group>"; };
		AB3C649923F6F9A600B20CC4 /* CKRecordZoneNotification.mm */ = {isa = PBXFileReference; fileEncoding = 4; lastKnownFileType = sourcecode.cpp.objcpp; name = CKRecordZoneNotification.mm; path = ../../Common/CKRecordZoneNotification.mm; sourceTree = "<group>"; };
		AB3C649A23F6F9A600B20CC4 /* CKServerChangeToken.h */ = {isa = PBXFileReference; fileEncoding = 4; lastKnownFileType = sourcecode.c.h; name = CKServerChangeToken.h; path = ../../Common/CKServerChangeToken.h; sourceTree = "<group>"; };
		AB3C649B23F6F9A600B20CC4 /* CKAsset.mm */ = {isa = PBXFileReference; fileEncoding = 4; lastKnownFileType = sourcecode.cpp.objcpp; name = CKAsset.mm; path = ../../Common/CKAsset.mm; sourceTree = "<group>"; };
		AB3C649C23F6F9A700B20CC4 /* CKFetchRecordZonesOperation.h */ = {isa = PBXFileReference; fileEncoding = 4; lastKnownFileType = sourcecode.c.h; name = CKFetchRecordZonesOperation.h; path = ../../Common/CKFetchRecordZonesOperation.h; sourceTree = "<group>"; };
		AB3C649D23F6F9A700B20CC4 /* CKContainer.mm */ = {isa = PBXFileReference; fileEncoding = 4; lastKnownFileType = sourcecode.cpp.objcpp; name = CKContainer.mm; path = ../../Common/CKContainer.mm; sourceTree = "<group>"; };
		AB3C649F23F6F9A700B20CC4 /* CKUserIdentityLookupInfo.h */ = {isa = PBXFileReference; fileEncoding = 4; lastKnownFileType = sourcecode.c.h; name = CKUserIdentityLookupInfo.h; path = ../../Common/CKUserIdentityLookupInfo.h; sourceTree = "<group>"; };
		AB3C64A023F6F9A700B20CC4 /* CKOperation.mm */ = {isa = PBXFileReference; fileEncoding = 4; lastKnownFileType = sourcecode.cpp.objcpp; name = CKOperation.mm; path = ../../Common/CKOperation.mm; sourceTree = "<group>"; };
		AB3C64A123F6F9A700B20CC4 /* CKRecordZoneID.h */ = {isa = PBXFileReference; fileEncoding = 4; lastKnownFileType = sourcecode.c.h; name = CKRecordZoneID.h; path = ../../Common/CKRecordZoneID.h; sourceTree = "<group>"; };
		AB3C64A223F6F9A800B20CC4 /* NSCoder.h */ = {isa = PBXFileReference; fileEncoding = 4; lastKnownFileType = sourcecode.c.h; name = NSCoder.h; path = ../../Common/NSCoder.h; sourceTree = "<group>"; };
		AB3C64A323F6F9A800B20CC4 /* CKNotification.mm */ = {isa = PBXFileReference; fileEncoding = 4; lastKnownFileType = sourcecode.cpp.objcpp; name = CKNotification.mm; path = ../../Common/CKNotification.mm; sourceTree = "<group>"; };
		AB3C64A423F6F9A800B20CC4 /* CKFetchDatabaseChangesOperation.h */ = {isa = PBXFileReference; fileEncoding = 4; lastKnownFileType = sourcecode.c.h; name = CKFetchDatabaseChangesOperation.h; path = ../../Common/CKFetchDatabaseChangesOperation.h; sourceTree = "<group>"; };
		AB3C64A523F6F9A800B20CC4 /* CKOperationConfiguration.h */ = {isa = PBXFileReference; fileEncoding = 4; lastKnownFileType = sourcecode.c.h; name = CKOperationConfiguration.h; path = ../../Common/CKOperationConfiguration.h; sourceTree = "<group>"; };
		AB3C64A623F6F9A800B20CC4 /* CKModifyRecordZonesOperation.mm */ = {isa = PBXFileReference; fileEncoding = 4; lastKnownFileType = sourcecode.cpp.objcpp; name = CKModifyRecordZonesOperation.mm; path = ../../Common/CKModifyRecordZonesOperation.mm; sourceTree = "<group>"; };
		AB3C64A723F6F9A800B20CC4 /* CKSubscription.mm */ = {isa = PBXFileReference; fileEncoding = 4; lastKnownFileType = sourcecode.cpp.objcpp; name = CKSubscription.mm; path = ../../Common/CKSubscription.mm; sourceTree = "<group>"; };
		AB3C64A823F6F9A900B20CC4 /* CKDatabase.h */ = {isa = PBXFileReference; fileEncoding = 4; lastKnownFileType = sourcecode.c.h; name = CKDatabase.h; path = ../../Common/CKDatabase.h; sourceTree = "<group>"; };
		AB3C64A923F6F9A900B20CC4 /* CKUserIdentityLookupInfo.mm */ = {isa = PBXFileReference; fileEncoding = 4; lastKnownFileType = sourcecode.cpp.objcpp; name = CKUserIdentityLookupInfo.mm; path = ../../Common/CKUserIdentityLookupInfo.mm; sourceTree = "<group>"; };
		AB3C64AA23F6F9A900B20CC4 /* CKFetchRecordZoneChangesOperation.mm */ = {isa = PBXFileReference; fileEncoding = 4; lastKnownFileType = sourcecode.cpp.objcpp; name = CKFetchRecordZoneChangesOperation.mm; path = ../../Common/CKFetchRecordZoneChangesOperation.mm; sourceTree = "<group>"; };
		AB3C64AB23F6F9A900B20CC4 /* CKNotificationInfo.mm */ = {isa = PBXFileReference; fileEncoding = 4; lastKnownFileType = sourcecode.cpp.objcpp; name = CKNotificationInfo.mm; path = ../../Common/CKNotificationInfo.mm; sourceTree = "<group>"; };
		AB3C64AC23F6F9A900B20CC4 /* CKFetchRecordsOperation.h */ = {isa = PBXFileReference; fileEncoding = 4; lastKnownFileType = sourcecode.c.h; name = CKFetchRecordsOperation.h; path = ../../Common/CKFetchRecordsOperation.h; sourceTree = "<group>"; };
		AB3C64AD23F6F9AA00B20CC4 /* CKNotificationID.h */ = {isa = PBXFileReference; fileEncoding = 4; lastKnownFileType = sourcecode.c.h; name = CKNotificationID.h; path = ../../Common/CKNotificationID.h; sourceTree = "<group>"; };
		AB3C64AE23F6F9AA00B20CC4 /* CKSubscriptionID.mm */ = {isa = PBXFileReference; fileEncoding = 4; lastKnownFileType = sourcecode.cpp.objcpp; name = CKSubscriptionID.mm; path = ../../Common/CKSubscriptionID.mm; sourceTree = "<group>"; };
		AB3C64AF23F6F9AA00B20CC4 /* CKModifyRecordsOperation.h */ = {isa = PBXFileReference; fileEncoding = 4; lastKnownFileType = sourcecode.c.h; name = CKModifyRecordsOperation.h; path = ../../Common/CKModifyRecordsOperation.h; sourceTree = "<group>"; };
		AB3C64B023F6F9AA00B20CC4 /* CKRecordID.mm */ = {isa = PBXFileReference; fileEncoding = 4; lastKnownFileType = sourcecode.cpp.objcpp; name = CKRecordID.mm; path = ../../Common/CKRecordID.mm; sourceTree = "<group>"; };
		AB3C64B123F6F9AA00B20CC4 /* CKAcceptSharesOperation.mm */ = {isa = PBXFileReference; fileEncoding = 4; lastKnownFileType = sourcecode.cpp.objcpp; name = CKAcceptSharesOperation.mm; path = ../../Common/CKAcceptSharesOperation.mm; sourceTree = "<group>"; };
		AB3C64B223F6F9AA00B20CC4 /* CKContainer.h */ = {isa = PBXFileReference; fileEncoding = 4; lastKnownFileType = sourcecode.c.h; name = CKContainer.h; path = ../../Common/CKContainer.h; sourceTree = "<group>"; };
		AB3C64B323F6F9AA00B20CC4 /* CKLocationSortDescriptor.h */ = {isa = PBXFileReference; fileEncoding = 4; lastKnownFileType = sourcecode.c.h; name = CKLocationSortDescriptor.h; path = ../../Common/CKLocationSortDescriptor.h; sourceTree = "<group>"; };
		AB3C64B423F6F9AB00B20CC4 /* CKFetchShareMetadataOperation.h */ = {isa = PBXFileReference; fileEncoding = 4; lastKnownFileType = sourcecode.c.h; name = CKFetchShareMetadataOperation.h; path = ../../Common/CKFetchShareMetadataOperation.h; sourceTree = "<group>"; };
		AB3C64B523F6F9AB00B20CC4 /* CKFetchRecordZoneChangesOperation.h */ = {isa = PBXFileReference; fileEncoding = 4; lastKnownFileType = sourcecode.c.h; name = CKFetchRecordZoneChangesOperation.h; path = ../../Common/CKFetchRecordZoneChangesOperation.h; sourceTree = "<group>"; };
		AB3C64B623F6F9AB00B20CC4 /* CKDatabaseOperation.h */ = {isa = PBXFileReference; fileEncoding = 4; lastKnownFileType = sourcecode.c.h; name = CKDatabaseOperation.h; path = ../../Common/CKDatabaseOperation.h; sourceTree = "<group>"; };
		AB3C64B723F6F9AB00B20CC4 /* CKFetchDatabaseChangesOperation.mm */ = {isa = PBXFileReference; fileEncoding = 4; lastKnownFileType = sourcecode.cpp.objcpp; name = CKFetchDatabaseChangesOperation.mm; path = ../../Common/CKFetchDatabaseChangesOperation.mm; sourceTree = "<group>"; };
		AB3C64B823F6F9AB00B20CC4 /* CKSubscriptionID.h */ = {isa = PBXFileReference; fileEncoding = 4; lastKnownFileType = sourcecode.c.h; name = CKSubscriptionID.h; path = ../../Common/CKSubscriptionID.h; sourceTree = "<group>"; };
		AB3C64B923F6F9AC00B20CC4 /* CKFetchShareParticipantsOperation.mm */ = {isa = PBXFileReference; fileEncoding = 4; lastKnownFileType = sourcecode.cpp.objcpp; name = CKFetchShareParticipantsOperation.mm; path = ../../Common/CKFetchShareParticipantsOperation.mm; sourceTree = "<group>"; };
		AB3C64BA23F6F9AC00B20CC4 /* CKRecordZone.mm */ = {isa = PBXFileReference; fileEncoding = 4; lastKnownFileType = sourcecode.cpp.objcpp; name = CKRecordZone.mm; path = ../../Common/CKRecordZone.mm; sourceTree = "<group>"; };
		AB3C64BB23F6F9AC00B20CC4 /* CKShare.mm */ = {isa = PBXFileReference; fileEncoding = 4; lastKnownFileType = sourcecode.cpp.objcpp; name = CKShare.mm; path = ../../Common/CKShare.mm; sourceTree = "<group>"; };
		AB3C64BC23F6F9AC00B20CC4 /* CKQueryNotification.h */ = {isa = PBXFileReference; fileEncoding = 4; lastKnownFileType = sourcecode.c.h; name = CKQueryNotification.h; path = ../../Common/CKQueryNotification.h; sourceTree = "<group>"; };
		AB3C64BD23F6F9AC00B20CC4 /* CKFetchRecordsOperation.mm */ = {isa = PBXFileReference; fileEncoding = 4; lastKnownFileType = sourcecode.cpp.objcpp; name = CKFetchRecordsOperation.mm; path = ../../Common/CKFetchRecordsOperation.mm; sourceTree = "<group>"; };
		AB3C64BE23F6F9AC00B20CC4 /* CKRecordZoneID.mm */ = {isa = PBXFileReference; fileEncoding = 4; lastKnownFileType = sourcecode.cpp.objcpp; name = CKRecordZoneID.mm; path = ../../Common/CKRecordZoneID.mm; sourceTree = "<group>"; };
		AB3C64BF23F6F9AC00B20CC4 /* Converters.m */ = {isa = PBXFileReference; fileEncoding = 4; lastKnownFileType = sourcecode.c.objc; name = Converters.m; path = ../../Common/Converters.m; sourceTree = "<group>"; };
		AB3C64C023F6F9AC00B20CC4 /* NSPredicate.h */ = {isa = PBXFileReference; fileEncoding = 4; lastKnownFileType = sourcecode.c.h; name = NSPredicate.h; path = ../../Common/NSPredicate.h; sourceTree = "<group>"; };
		AB3C64C123F6F9AC00B20CC4 /* CKQuerySubscription.mm */ = {isa = PBXFileReference; fileEncoding = 4; lastKnownFileType = sourcecode.cpp.objcpp; name = CKQuerySubscription.mm; path = ../../Common/CKQuerySubscription.mm; sourceTree = "<group>"; };
		AB3C64C223F6F9AC00B20CC4 /* CKRecord.h */ = {isa = PBXFileReference; fileEncoding = 4; lastKnownFileType = sourcecode.c.h; name = CKRecord.h; path = ../../Common/CKRecord.h; sourceTree = "<group>"; };
		AB3C64C323F6F9AC00B20CC4 /* CKDatabase.mm */ = {isa = PBXFileReference; fileEncoding = 4; lastKnownFileType = sourcecode.cpp.objcpp; name = CKDatabase.mm; path = ../../Common/CKDatabase.mm; sourceTree = "<group>"; };
		AB3C64C423F6F9AC00B20CC4 /* CKRecordZone.h */ = {isa = PBXFileReference; fileEncoding = 4; lastKnownFileType = sourcecode.c.h; name = CKRecordZone.h; path = ../../Common/CKRecordZone.h; sourceTree = "<group>"; };
		AB3C64C523F6F9AC00B20CC4 /* CKOperationConfiguration.mm */ = {isa = PBXFileReference; fileEncoding = 4; lastKnownFileType = sourcecode.cpp.objcpp; name = CKOperationConfiguration.mm; path = ../../Common/CKOperationConfiguration.mm; sourceTree = "<group>"; };
		AB3C64C623F6F9AC00B20CC4 /* CKQueryNotification.mm */ = {isa = PBXFileReference; fileEncoding = 4; lastKnownFileType = sourcecode.cpp.objcpp; name = CKQueryNotification.mm; path = ../../Common/CKQueryNotification.mm; sourceTree = "<group>"; };
		AB3C64C723F6F9AC00B20CC4 /* NSPersonNameComponents.mm */ = {isa = PBXFileReference; fileEncoding = 4; lastKnownFileType = sourcecode.cpp.objcpp; name = NSPersonNameComponents.mm; path = ../../Common/NSPersonNameComponents.mm; sourceTree = "<group>"; };
		AB3C64C823F6F9AD00B20CC4 /* NSPredicate.mm */ = {isa = PBXFileReference; fileEncoding = 4; lastKnownFileType = sourcecode.cpp.objcpp; name = NSPredicate.mm; path = ../../Common/NSPredicate.mm; sourceTree = "<group>"; };
		AB3C64C923F6F9AD00B20CC4 /* CKOperationGroup.h */ = {isa = PBXFileReference; fileEncoding = 4; lastKnownFileType = sourcecode.c.h; name = CKOperationGroup.h; path = ../../Common/CKOperationGroup.h; sourceTree = "<group>"; };
		AB3C64CA23F6F9AD00B20CC4 /* CKShare.h */ = {isa = PBXFileReference; fileEncoding = 4; lastKnownFileType = sourcecode.c.h; name = CKShare.h; path = ../../Common/CKShare.h; sourceTree = "<group>"; };
		AB3C64CB23F6F9AD00B20CC4 /* NSURL.h */ = {isa = PBXFileReference; fileEncoding = 4; lastKnownFileType = sourcecode.c.h; name = NSURL.h; path = ../../Common/NSURL.h; sourceTree = "<group>"; };
		AB3C64CC23F6F9AD00B20CC4 /* CKShareMetadata.h */ = {isa = PBXFileReference; fileEncoding = 4; lastKnownFileType = sourcecode.c.h; name = CKShareMetadata.h; path = ../../Common/CKShareMetadata.h; sourceTree = "<group>"; };
		AB3C64CD23F6F9AD00B20CC4 /* CKRecordID.h */ = {isa = PBXFileReference; fileEncoding = 4; lastKnownFileType = sourcecode.c.h; name = CKRecordID.h; path = ../../Common/CKRecordID.h; sourceTree = "<group>"; };
		AB3C64CE23F6F9AD00B20CC4 /* CKDatabaseNotification.h */ = {isa = PBXFileReference; fileEncoding = 4; lastKnownFileType = sourcecode.c.h; name = CKDatabaseNotification.h; path = ../../Common/CKDatabaseNotification.h; sourceTree = "<group>"; };
		AB3C64CF23F6F9AD00B20CC4 /* CKLocationSortDescriptor.mm */ = {isa = PBXFileReference; fileEncoding = 4; lastKnownFileType = sourcecode.cpp.objcpp; name = CKLocationSortDescriptor.mm; path = ../../Common/CKLocationSortDescriptor.mm; sourceTree = "<group>"; };
		AB3C64D023F6F9AD00B20CC4 /* CKReference.h */ = {isa = PBXFileReference; fileEncoding = 4; lastKnownFileType = sourcecode.c.h; name = CKReference.h; path = ../../Common/CKReference.h; sourceTree = "<group>"; };
		AB3C64D123F6F9AD00B20CC4 /* NSURL.mm */ = {isa = PBXFileReference; fileEncoding = 4; lastKnownFileType = sourcecode.cpp.objcpp; name = NSURL.mm; path = ../../Common/NSURL.mm; sourceTree = "<group>"; };
		AB3C64D223F6F9AD00B20CC4 /* CKShareParticipant.mm */ = {isa = PBXFileReference; fileEncoding = 4; lastKnownFileType = sourcecode.cpp.objcpp; name = CKShareParticipant.mm; path = ../../Common/CKShareParticipant.mm; sourceTree = "<group>"; };
		AB3C64D323F6F9AD00B20CC4 /* CKSubscription.h */ = {isa = PBXFileReference; fileEncoding = 4; lastKnownFileType = sourcecode.c.h; name = CKSubscription.h; path = ../../Common/CKSubscription.h; sourceTree = "<group>"; };
		AB3C64D423F6F9AD00B20CC4 /* NSPersonNameComponents.h */ = {isa = PBXFileReference; fileEncoding = 4; lastKnownFileType = sourcecode.c.h; name = NSPersonNameComponents.h; path = ../../Common/NSPersonNameComponents.h; sourceTree = "<group>"; };
		AB5583F82405EE2300EE0573 /* NSSortDescriptor.mm */ = {isa = PBXFileReference; fileEncoding = 4; lastKnownFileType = sourcecode.cpp.objcpp; name = NSSortDescriptor.mm; path = ../../Common/NSSortDescriptor.mm; sourceTree = "<group>"; };
		AB5583F92405EE2300EE0573 /* NSSortDescriptor.h */ = {isa = PBXFileReference; fileEncoding = 4; lastKnownFileType = sourcecode.c.h; name = NSSortDescriptor.h; path = ../../Common/NSSortDescriptor.h; sourceTree = "<group>"; };
		AB58890E240D430000B10456 /* NSException.mm */ = {isa = PBXFileReference; fileEncoding = 4; lastKnownFileType = sourcecode.cpp.objcpp; name = NSException.mm; path = ../../Common/NSException.mm; sourceTree = "<group>"; };
		AB58890F240D430000B10456 /* NSException.h */ = {isa = PBXFileReference; fileEncoding = 4; lastKnownFileType = sourcecode.c.h; name = NSException.h; path = ../../Common/NSException.h; sourceTree = "<group>"; };
		AB81C35B248D71650003242F /* ICloudNotificationsIOS.mm */ = {isa = PBXFileReference; fileEncoding = 4; lastKnownFileType = sourcecode.cpp.objcpp; name = ICloudNotificationsIOS.mm; path = ../../Common/ICloudNotificationsIOS.mm; sourceTree = "<group>"; };
		AB81C35C248D71650003242F /* ICloudNotificationsIOS.h */ = {isa = PBXFileReference; fileEncoding = 4; lastKnownFileType = sourcecode.c.h; name = ICloudNotificationsIOS.h; path = ../../Common/ICloudNotificationsIOS.h; sourceTree = "<group>"; };
		AB81C35F248D72180003242F /* Swizzler.m */ = {isa = PBXFileReference; fileEncoding = 4; lastKnownFileType = sourcecode.c.objc; name = Swizzler.m; path = ../../Common/Swizzler.m; sourceTree = "<group>"; };
		AB81C360248D72190003242F /* Swizzler.h */ = {isa = PBXFileReference; fileEncoding = 4; lastKnownFileType = sourcecode.c.h; name = Swizzler.h; path = ../../Common/Swizzler.h; sourceTree = "<group>"; };
		ABE0EB60241A753400C29997 /* NSFileManager.h */ = {isa = PBXFileReference; fileEncoding = 4; lastKnownFileType = sourcecode.c.h; name = NSFileManager.h; path = ../../Common/NSFileManager.h; sourceTree = "<group>"; };
		ABE0EB61241A753400C29997 /* NSFileManager.mm */ = {isa = PBXFileReference; fileEncoding = 4; lastKnownFileType = sourcecode.cpp.objcpp; name = NSFileManager.mm; path = ../../Common/NSFileManager.mm; sourceTree = "<group>"; };
		ABE7A9812483E13000093195 /* CKFetchSubscriptionsOperation.h */ = {isa = PBXFileReference; fileEncoding = 4; lastKnownFileType = sourcecode.c.h; name = CKFetchSubscriptionsOperation.h; path = ../../Common/CKFetchSubscriptionsOperation.h; sourceTree = "<group>"; };
		ABE7A9822483E13000093195 /* CKFetchSubscriptionsOperation.mm */ = {isa = PBXFileReference; fileEncoding = 4; lastKnownFileType = sourcecode.cpp.objcpp; name = CKFetchSubscriptionsOperation.mm; path = ../../Common/CKFetchSubscriptionsOperation.mm; sourceTree = "<group>"; };
		ABE7A9852483E13F00093195 /* CKModifySubscriptionsOperation.mm */ = {isa = PBXFileReference; fileEncoding = 4; lastKnownFileType = sourcecode.cpp.objcpp; name = CKModifySubscriptionsOperation.mm; path = ../../Common/CKModifySubscriptionsOperation.mm; sourceTree = "<group>"; };
		ABE7A9862483E14000093195 /* CKModifySubscriptionsOperation.h */ = {isa = PBXFileReference; fileEncoding = 4; lastKnownFileType = sourcecode.c.h; name = CKModifySubscriptionsOperation.h; path = ../../Common/CKModifySubscriptionsOperation.h; sourceTree = "<group>"; };
		ABE7A9892483E15400093195 /* CKRecordZoneSubscription.h */ = {isa = PBXFileReference; fileEncoding = 4; lastKnownFileType = sourcecode.c.h; name = CKRecordZoneSubscription.h; path = ../../Common/CKRecordZoneSubscription.h; sourceTree = "<group>"; };
		ABE7A98A2483E15400093195 /* CKRecordZoneSubscription.mm */ = {isa = PBXFileReference; fileEncoding = 4; lastKnownFileType = sourcecode.cpp.objcpp; name = CKRecordZoneSubscription.mm; path = ../../Common/CKRecordZoneSubscription.mm; sourceTree = "<group>"; };
/* End PBXFileReference section */

/* Begin PBXFrameworksBuildPhase section */
		AB3C646623F6F98800B20CC4 /* Frameworks */ = {
			isa = PBXFrameworksBuildPhase;
			buildActionMask = 2147483647;
			files = (
			);
			runOnlyForDeploymentPostprocessing = 0;
		};
/* End PBXFrameworksBuildPhase section */

/* Begin PBXGroup section */
		AB3C645F23F6F98800B20CC4 = {
			isa = PBXGroup;
			children = (
				AB3C646A23F6F98900B20CC4 /* HHCloudKitTVOS */,
				AB3C646923F6F98800B20CC4 /* Products */,
			);
			sourceTree = "<group>";
		};
		AB3C646923F6F98800B20CC4 /* Products */ = {
			isa = PBXGroup;
			children = (
				AB3C646823F6F98800B20CC4 /* libHHCloudKitTVOS.a */,
			);
			name = Products;
			sourceTree = "<group>";
		};
		AB3C646A23F6F98900B20CC4 /* HHCloudKitTVOS */ = {
			isa = PBXGroup;
			children = (
				AB3C649823F6F9A600B20CC4 /* Callbacks.h */,
				AB3C649123F6F9A500B20CC4 /* CKAcceptSharesOperation.h */,
				AB3C64B123F6F9AA00B20CC4 /* CKAcceptSharesOperation.mm */,
				AB3C647423F6F9A100B20CC4 /* CKAsset.h */,
				AB3C649B23F6F9A600B20CC4 /* CKAsset.mm */,
				AB3C64B223F6F9AA00B20CC4 /* CKContainer.h */,
				AB3C649D23F6F9A700B20CC4 /* CKContainer.mm */,
				AB3C64A823F6F9A900B20CC4 /* CKDatabase.h */,
				AB3C64C323F6F9AC00B20CC4 /* CKDatabase.mm */,
				AB3C64CE23F6F9AD00B20CC4 /* CKDatabaseNotification.h */,
				AB3C649723F6F9A600B20CC4 /* CKDatabaseNotification.mm */,
				AB3C64B623F6F9AB00B20CC4 /* CKDatabaseOperation.h */,
				AB3C647C23F6F9A100B20CC4 /* CKDatabaseOperation.mm */,
				AB3C648223F6F9A200B20CC4 /* CKDiscoverUserIdentitiesOperation.h */,
				AB3C647D23F6F9A200B20CC4 /* CKDiscoverUserIdentitiesOperation.mm */,
				AB3C64A423F6F9A800B20CC4 /* CKFetchDatabaseChangesOperation.h */,
				AB3C64B723F6F9AB00B20CC4 /* CKFetchDatabaseChangesOperation.mm */,
				AB3C64AC23F6F9A900B20CC4 /* CKFetchRecordsOperation.h */,
				AB3C64BD23F6F9AC00B20CC4 /* CKFetchRecordsOperation.mm */,
				AB3C64B523F6F9AB00B20CC4 /* CKFetchRecordZoneChangesOperation.h */,
				AB3C64AA23F6F9A900B20CC4 /* CKFetchRecordZoneChangesOperation.mm */,
				AB3C649C23F6F9A700B20CC4 /* CKFetchRecordZonesOperation.h */,
				AB3C648F23F6F9A400B20CC4 /* CKFetchRecordZonesOperation.mm */,
				AB3C64B423F6F9AB00B20CC4 /* CKFetchShareMetadataOperation.h */,
				AB3C648A23F6F9A300B20CC4 /* CKFetchShareMetadataOperation.mm */,
				AB3C648123F6F9A200B20CC4 /* CKFetchShareParticipantsOperation.h */,
				AB3C64B923F6F9AC00B20CC4 /* CKFetchShareParticipantsOperation.mm */,
				ABE7A9812483E13000093195 /* CKFetchSubscriptionsOperation.h */,
				ABE7A9822483E13000093195 /* CKFetchSubscriptionsOperation.mm */,
				AB3C64B323F6F9AA00B20CC4 /* CKLocationSortDescriptor.h */,
				AB3C64CF23F6F9AD00B20CC4 /* CKLocationSortDescriptor.mm */,
				AB3C64AF23F6F9AA00B20CC4 /* CKModifyRecordsOperation.h */,
				AB3C648923F6F9A300B20CC4 /* CKModifyRecordsOperation.mm */,
				AB3C649423F6F9A500B20CC4 /* CKModifyRecordZonesOperation.h */,
				AB3C64A623F6F9A800B20CC4 /* CKModifyRecordZonesOperation.mm */,
				ABE7A9862483E14000093195 /* CKModifySubscriptionsOperation.h */,
				ABE7A9852483E13F00093195 /* CKModifySubscriptionsOperation.mm */,
				AB3C647E23F6F9A200B20CC4 /* CKNotification.h */,
				AB3C64A323F6F9A800B20CC4 /* CKNotification.mm */,
				AB3C64AD23F6F9AA00B20CC4 /* CKNotificationID.h */,
				AB3C647823F6F9A100B20CC4 /* CKNotificationID.mm */,
				AB3C648323F6F9A200B20CC4 /* CKNotificationInfo.h */,
				AB3C64AB23F6F9A900B20CC4 /* CKNotificationInfo.mm */,
				AB3C648823F6F9A300B20CC4 /* CKOperation.h */,
				AB3C64A023F6F9A700B20CC4 /* CKOperation.mm */,
				AB3C64A523F6F9A800B20CC4 /* CKOperationConfiguration.h */,
				AB3C64C523F6F9AC00B20CC4 /* CKOperationConfiguration.mm */,
				AB3C64C923F6F9AD00B20CC4 /* CKOperationGroup.h */,
				AB3C648023F6F9A200B20CC4 /* CKOperationGroup.mm */,
				AB3C648E23F6F9A400B20CC4 /* CKQuery.h */,
				AB3C647923F6F9A100B20CC4 /* CKQuery.mm */,
				AB3C649623F6F9A600B20CC4 /* CKQueryCursor.h */,
				AB3C648723F6F9A300B20CC4 /* CKQueryCursor.mm */,
				AB3C64BC23F6F9AC00B20CC4 /* CKQueryNotification.h */,
				AB3C64C623F6F9AC00B20CC4 /* CKQueryNotification.mm */,
				AB3C649023F6F9A400B20CC4 /* CKQueryOperation.h */,
				AB3C647F23F6F9A200B20CC4 /* CKQueryOperation.mm */,
				AB3C647623F6F9A100B20CC4 /* CKQuerySubscription.h */,
				AB3C64C123F6F9AC00B20CC4 /* CKQuerySubscription.mm */,
				AB3C64C223F6F9AC00B20CC4 /* CKRecord.h */,
				AB3C647B23F6F9A100B20CC4 /* CKRecord.mm */,
				AB3C64CD23F6F9AD00B20CC4 /* CKRecordID.h */,
				AB3C64B023F6F9AA00B20CC4 /* CKRecordID.mm */,
				AB3C64C423F6F9AC00B20CC4 /* CKRecordZone.h */,
				AB3C64BA23F6F9AC00B20CC4 /* CKRecordZone.mm */,
				AB3C64A123F6F9A700B20CC4 /* CKRecordZoneID.h */,
				AB3C64BE23F6F9AC00B20CC4 /* CKRecordZoneID.mm */,
				AB3C649523F6F9A500B20CC4 /* CKRecordZoneNotification.h */,
				AB3C649923F6F9A600B20CC4 /* CKRecordZoneNotification.mm */,
				ABE7A9892483E15400093195 /* CKRecordZoneSubscription.h */,
				ABE7A98A2483E15400093195 /* CKRecordZoneSubscription.mm */,
				AB3C64D023F6F9AD00B20CC4 /* CKReference.h */,
				AB3C649223F6F9A500B20CC4 /* CKReference.mm */,
				AB3C649A23F6F9A600B20CC4 /* CKServerChangeToken.h */,
				AB3C648C23F6F9A400B20CC4 /* CKServerChangeToken.mm */,
				AB3C64CA23F6F9AD00B20CC4 /* CKShare.h */,
				AB3C64BB23F6F9AC00B20CC4 /* CKShare.mm */,
				AB3C64CC23F6F9AD00B20CC4 /* CKShareMetadata.h */,
				AB3C648B23F6F9A300B20CC4 /* CKShareMetadata.mm */,
				AB3C648423F6F9A200B20CC4 /* CKShareParticipant.h */,
				AB3C64D223F6F9AD00B20CC4 /* CKShareParticipant.mm */,
				AB3C64D323F6F9AD00B20CC4 /* CKSubscription.h */,
				AB3C64A723F6F9A800B20CC4 /* CKSubscription.mm */,
				AB3C64B823F6F9AB00B20CC4 /* CKSubscriptionID.h */,
				AB3C64AE23F6F9AA00B20CC4 /* CKSubscriptionID.mm */,
				AB3C647A23F6F9A100B20CC4 /* CKUserIdentity.h */,
				AB3C649323F6F9A500B20CC4 /* CKUserIdentity.mm */,
				AB3C649F23F6F9A700B20CC4 /* CKUserIdentityLookupInfo.h */,
				AB3C64A923F6F9A900B20CC4 /* CKUserIdentityLookupInfo.mm */,
				AB3C648523F6F9A300B20CC4 /* Converters.h */,
				AB3C64BF23F6F9AC00B20CC4 /* Converters.m */,
				AB31117924181F3E00B655DE /* ICloudNotifications.h */,
				AB31117A24181F3F00B655DE /* ICloudNotifications.mm */,
				AB81C35C248D71650003242F /* ICloudNotificationsIOS.h */,
				AB81C35B248D71650003242F /* ICloudNotificationsIOS.mm */,
				AB3C64A223F6F9A800B20CC4 /* NSCoder.h */,
				AB3C647523F6F9A100B20CC4 /* NSCoder.mm */,
				AB3C647723F6F9A100B20CC4 /* NSError.h */,
				AB3C648D23F6F9A400B20CC4 /* NSError.mm */,
				AB58890F240D430000B10456 /* NSException.h */,
				AB58890E240D430000B10456 /* NSException.mm */,
				ABE0EB60241A753400C29997 /* NSFileManager.h */,
				ABE0EB61241A753400C29997 /* NSFileManager.mm */,
				AB3111562416E3B900B655DE /* NSNotification.h */,
				AB3111552416E3B900B655DE /* NSNotification.mm */,
				AB3C64D423F6F9AD00B20CC4 /* NSPersonNameComponents.h */,
				AB3C64C723F6F9AC00B20CC4 /* NSPersonNameComponents.mm */,
				AB3C64C023F6F9AC00B20CC4 /* NSPredicate.h */,
				AB3C64C823F6F9AD00B20CC4 /* NSPredicate.mm */,
				AB5583F92405EE2300EE0573 /* NSSortDescriptor.h */,
				AB5583F82405EE2300EE0573 /* NSSortDescriptor.mm */,
				AB3111592416E3CB00B655DE /* NSUbiquitousKeyValueStore.h */,
				AB31115A2416E3CB00B655DE /* NSUbiquitousKeyValueStore.mm */,
				AB3C64CB23F6F9AD00B20CC4 /* NSURL.h */,
				AB3C64D123F6F9AD00B20CC4 /* NSURL.mm */,
				AB81C360248D72190003242F /* Swizzler.h */,
				AB81C35F248D72180003242F /* Swizzler.m */,
				AB31117524181F2900B655DE /* UbiquityIdentityToken.h */,
				AB31117624181F2900B655DE /* UbiquityIdentityToken.mm */,
			);
			path = HHCloudKitTVOS;
			sourceTree = "<group>";
		};
/* End PBXGroup section */

/* Begin PBXHeadersBuildPhase section */
		AB3C646423F6F98800B20CC4 /* Headers */ = {
			isa = PBXHeadersBuildPhase;
			buildActionMask = 2147483647;
			files = (
				AB3C652C23F6F9AE00B20CC4 /* NSURL.h in Headers */,
				ABE7A9882483E14000093195 /* CKModifySubscriptionsOperation.h in Headers */,
				AB3C64F623F6F9AE00B20CC4 /* CKRecordZoneNotification.h in Headers */,
				AB3C652E23F6F9AE00B20CC4 /* CKRecordID.h in Headers */,
				AB3C651323F6F9AE00B20CC4 /* CKContainer.h in Headers */,
				AB3C64D723F6F9AD00B20CC4 /* CKQuerySubscription.h in Headers */,
				AB3C64E223F6F9AD00B20CC4 /* CKFetchShareParticipantsOperation.h in Headers */,
				AB3C64E923F6F9AE00B20CC4 /* CKOperation.h in Headers */,
				AB3C651723F6F9AE00B20CC4 /* CKDatabaseOperation.h in Headers */,
				AB31117724181F2900B655DE /* UbiquityIdentityToken.h in Headers */,
				AB3C653123F6F9AE00B20CC4 /* CKReference.h in Headers */,
				AB3C64DB23F6F9AD00B20CC4 /* CKUserIdentity.h in Headers */,
				AB3C650323F6F9AE00B20CC4 /* NSCoder.h in Headers */,
				AB3C64F223F6F9AE00B20CC4 /* CKAcceptSharesOperation.h in Headers */,
				AB3C650223F6F9AE00B20CC4 /* CKRecordZoneID.h in Headers */,
				AB3C651D23F6F9AE00B20CC4 /* CKQueryNotification.h in Headers */,
				AB3C652A23F6F9AE00B20CC4 /* CKOperationGroup.h in Headers */,
				AB3C64F723F6F9AE00B20CC4 /* CKQueryCursor.h in Headers */,
				AB3C650923F6F9AE00B20CC4 /* CKDatabase.h in Headers */,
				AB3C650E23F6F9AE00B20CC4 /* CKNotificationID.h in Headers */,
				AB3C64E423F6F9AE00B20CC4 /* CKNotificationInfo.h in Headers */,
				AB3C651023F6F9AE00B20CC4 /* CKModifyRecordsOperation.h in Headers */,
				AB3C651523F6F9AE00B20CC4 /* CKFetchShareMetadataOperation.h in Headers */,
				AB3C64F123F6F9AE00B20CC4 /* CKQueryOperation.h in Headers */,
				AB3C652123F6F9AE00B20CC4 /* NSPredicate.h in Headers */,
				AB31115B2416E3CC00B655DE /* NSUbiquitousKeyValueStore.h in Headers */,
				AB5583FB2405EE2300EE0573 /* NSSortDescriptor.h in Headers */,
				AB3C64F923F6F9AE00B20CC4 /* Callbacks.h in Headers */,
				ABE7A98B2483E15400093195 /* CKRecordZoneSubscription.h in Headers */,
				AB3C652523F6F9AE00B20CC4 /* CKRecordZone.h in Headers */,
				AB3C64FD23F6F9AE00B20CC4 /* CKFetchRecordZonesOperation.h in Headers */,
				AB588911240D430000B10456 /* NSException.h in Headers */,
				AB3C652D23F6F9AE00B20CC4 /* CKShareMetadata.h in Headers */,
				AB3C64E323F6F9AD00B20CC4 /* CKDiscoverUserIdentitiesOperation.h in Headers */,
				AB3C64F523F6F9AE00B20CC4 /* CKModifyRecordZonesOperation.h in Headers */,
				AB3C64DF23F6F9AD00B20CC4 /* CKNotification.h in Headers */,
				AB3C64D523F6F9AD00B20CC4 /* CKAsset.h in Headers */,
				AB3C651923F6F9AE00B20CC4 /* CKSubscriptionID.h in Headers */,
				AB3C64FB23F6F9AE00B20CC4 /* CKServerChangeToken.h in Headers */,
				AB81C35E248D71650003242F /* ICloudNotificationsIOS.h in Headers */,
				ABE0EB62241A753400C29997 /* NSFileManager.h in Headers */,
				ABE7A9832483E13000093195 /* CKFetchSubscriptionsOperation.h in Headers */,
				AB31117B24181F3F00B655DE /* ICloudNotifications.h in Headers */,
				AB3C652323F6F9AE00B20CC4 /* CKRecord.h in Headers */,
				AB3C651623F6F9AE00B20CC4 /* CKFetchRecordZoneChangesOperation.h in Headers */,
				AB3C64D823F6F9AD00B20CC4 /* NSError.h in Headers */,
				AB3C64E523F6F9AE00B20CC4 /* CKShareParticipant.h in Headers */,
				AB3C650023F6F9AE00B20CC4 /* CKUserIdentityLookupInfo.h in Headers */,
				AB3C64E623F6F9AE00B20CC4 /* Converters.h in Headers */,
				AB3C650623F6F9AE00B20CC4 /* CKOperationConfiguration.h in Headers */,
				AB3111582416E3B900B655DE /* NSNotification.h in Headers */,
				AB3C653423F6F9AE00B20CC4 /* CKSubscription.h in Headers */,
				AB3C650523F6F9AE00B20CC4 /* CKFetchDatabaseChangesOperation.h in Headers */,
				AB3C652B23F6F9AE00B20CC4 /* CKShare.h in Headers */,
				AB3C652F23F6F9AE00B20CC4 /* CKDatabaseNotification.h in Headers */,
				AB3C650D23F6F9AE00B20CC4 /* CKFetchRecordsOperation.h in Headers */,
				AB3C653523F6F9AE00B20CC4 /* NSPersonNameComponents.h in Headers */,
				AB3C651423F6F9AE00B20CC4 /* CKLocationSortDescriptor.h in Headers */,
				AB81C362248D72190003242F /* Swizzler.h in Headers */,
				AB3C64EF23F6F9AE00B20CC4 /* CKQuery.h in Headers */,
			);
			runOnlyForDeploymentPostprocessing = 0;
		};
/* End PBXHeadersBuildPhase section */

/* Begin PBXNativeTarget section */
		AB3C646723F6F98800B20CC4 /* HHCloudKitTVOS */ = {
			isa = PBXNativeTarget;
			buildConfigurationList = AB3C647123F6F98900B20CC4 /* Build configuration list for PBXNativeTarget "HHCloudKitTVOS" */;
			buildPhases = (
				AB3C646423F6F98800B20CC4 /* Headers */,
				AB3C646523F6F98800B20CC4 /* Sources */,
				AB3C646623F6F98800B20CC4 /* Frameworks */,
				AB3C653623F6FD4C00B20CC4 /* CopyFiles */,
			);
			buildRules = (
			);
			dependencies = (
			);
			name = HHCloudKitTVOS;
			productName = HHCloudKitTVOS;
			productReference = AB3C646823F6F98800B20CC4 /* libHHCloudKitTVOS.a */;
			productType = "com.apple.product-type.library.static";
		};
/* End PBXNativeTarget section */

/* Begin PBXProject section */
		AB3C646023F6F98800B20CC4 /* Project object */ = {
			isa = PBXProject;
			attributes = {
				LastUpgradeCheck = 1130;
				ORGANIZATIONNAME = HovelHouseApps;
				TargetAttributes = {
					AB3C646723F6F98800B20CC4 = {
						CreatedOnToolsVersion = 11.3.1;
					};
				};
			};
			buildConfigurationList = AB3C646323F6F98800B20CC4 /* Build configuration list for PBXProject "HHCloudKitTVOS" */;
			compatibilityVersion = "Xcode 9.3";
			developmentRegion = en;
			hasScannedForEncodings = 0;
			knownRegions = (
				en,
				Base,
			);
			mainGroup = AB3C645F23F6F98800B20CC4;
			productRefGroup = AB3C646923F6F98800B20CC4 /* Products */;
			projectDirPath = "";
			projectRoot = "";
			targets = (
				AB3C646723F6F98800B20CC4 /* HHCloudKitTVOS */,
			);
		};
/* End PBXProject section */

/* Begin PBXSourcesBuildPhase section */
		AB3C646523F6F98800B20CC4 /* Sources */ = {
			isa = PBXSourcesBuildPhase;
			buildActionMask = 2147483647;
			files = (
				AB3C64F323F6F9AE00B20CC4 /* CKReference.mm in Sources */,
				AB3C653023F6F9AE00B20CC4 /* CKLocationSortDescriptor.mm in Sources */,
				AB3C64FC23F6F9AE00B20CC4 /* CKAsset.mm in Sources */,
				AB3C650823F6F9AE00B20CC4 /* CKSubscription.mm in Sources */,
				AB81C361248D72190003242F /* Swizzler.m in Sources */,
				ABE7A9842483E13000093195 /* CKFetchSubscriptionsOperation.mm in Sources */,
				AB3C64DC23F6F9AD00B20CC4 /* CKRecord.mm in Sources */,
				AB3C64F823F6F9AE00B20CC4 /* CKDatabaseNotification.mm in Sources */,
				ABE0EB63241A753500C29997 /* NSFileManager.mm in Sources */,
				AB3C64DE23F6F9AD00B20CC4 /* CKDiscoverUserIdentitiesOperation.mm in Sources */,
				AB3C652923F6F9AE00B20CC4 /* NSPredicate.mm in Sources */,
				AB588910240D430000B10456 /* NSException.mm in Sources */,
				AB3C64EC23F6F9AE00B20CC4 /* CKShareMetadata.mm in Sources */,
				AB3C652723F6F9AE00B20CC4 /* CKQueryNotification.mm in Sources */,
				ABE7A98C2483E15400093195 /* CKRecordZoneSubscription.mm in Sources */,
				AB3C652823F6F9AE00B20CC4 /* NSPersonNameComponents.mm in Sources */,
				AB3C651E23F6F9AE00B20CC4 /* CKFetchRecordsOperation.mm in Sources */,
				AB3C64EB23F6F9AE00B20CC4 /* CKFetchShareMetadataOperation.mm in Sources */,
				AB3C64EA23F6F9AE00B20CC4 /* CKModifyRecordsOperation.mm in Sources */,
				AB81C35D248D71650003242F /* ICloudNotificationsIOS.mm in Sources */,
				AB31117824181F2900B655DE /* UbiquityIdentityToken.mm in Sources */,
				AB3C64E823F6F9AE00B20CC4 /* CKQueryCursor.mm in Sources */,
				AB3C64FE23F6F9AE00B20CC4 /* CKContainer.mm in Sources */,
				AB3C64EE23F6F9AE00B20CC4 /* NSError.mm in Sources */,
				AB3C64ED23F6F9AE00B20CC4 /* CKServerChangeToken.mm in Sources */,
				AB3C650B23F6F9AE00B20CC4 /* CKFetchRecordZoneChangesOperation.mm in Sources */,
				AB3C652223F6F9AE00B20CC4 /* CKQuerySubscription.mm in Sources */,
				ABE7A9872483E14000093195 /* CKModifySubscriptionsOperation.mm in Sources */,
				AB3C651123F6F9AE00B20CC4 /* CKRecordID.mm in Sources */,
				AB31117C24181F3F00B655DE /* ICloudNotifications.mm in Sources */,
				AB3C652623F6F9AE00B20CC4 /* CKOperationConfiguration.mm in Sources */,
				AB3C651A23F6F9AE00B20CC4 /* CKFetchShareParticipantsOperation.mm in Sources */,
				AB3C64D623F6F9AD00B20CC4 /* NSCoder.mm in Sources */,
				AB3C650423F6F9AE00B20CC4 /* CKNotification.mm in Sources */,
				AB3C650123F6F9AE00B20CC4 /* CKOperation.mm in Sources */,
				AB3C651F23F6F9AE00B20CC4 /* CKRecordZoneID.mm in Sources */,
				AB3C652023F6F9AE00B20CC4 /* Converters.m in Sources */,
				AB3C653323F6F9AE00B20CC4 /* CKShareParticipant.mm in Sources */,
				AB3C64D923F6F9AD00B20CC4 /* CKNotificationID.mm in Sources */,
				AB3C650A23F6F9AE00B20CC4 /* CKUserIdentityLookupInfo.mm in Sources */,
				AB3C64DD23F6F9AD00B20CC4 /* CKDatabaseOperation.mm in Sources */,
				AB3C651C23F6F9AE00B20CC4 /* CKShare.mm in Sources */,
				AB3C64DA23F6F9AD00B20CC4 /* CKQuery.mm in Sources */,
				AB3C651223F6F9AE00B20CC4 /* CKAcceptSharesOperation.mm in Sources */,
				AB3C64FA23F6F9AE00B20CC4 /* CKRecordZoneNotification.mm in Sources */,
				AB3111572416E3B900B655DE /* NSNotification.mm in Sources */,
				AB3C652423F6F9AE00B20CC4 /* CKDatabase.mm in Sources */,
				AB5583FA2405EE2300EE0573 /* NSSortDescriptor.mm in Sources */,
				AB3C650C23F6F9AE00B20CC4 /* CKNotificationInfo.mm in Sources */,
				AB3C653223F6F9AE00B20CC4 /* NSURL.mm in Sources */,
				AB3C64F423F6F9AE00B20CC4 /* CKUserIdentity.mm in Sources */,
				AB3C651B23F6F9AE00B20CC4 /* CKRecordZone.mm in Sources */,
				AB3C64F023F6F9AE00B20CC4 /* CKFetchRecordZonesOperation.mm in Sources */,
				AB3C64E023F6F9AD00B20CC4 /* CKQueryOperation.mm in Sources */,
				AB3C650723F6F9AE00B20CC4 /* CKModifyRecordZonesOperation.mm in Sources */,
				AB3C651823F6F9AE00B20CC4 /* CKFetchDatabaseChangesOperation.mm in Sources */,
				AB3C64E123F6F9AD00B20CC4 /* CKOperationGroup.mm in Sources */,
				AB3C650F23F6F9AE00B20CC4 /* CKSubscriptionID.mm in Sources */,
				AB31115C2416E3CC00B655DE /* NSUbiquitousKeyValueStore.mm in Sources */,
			);
			runOnlyForDeploymentPostprocessing = 0;
		};
/* End PBXSourcesBuildPhase section */

/* Begin XCBuildConfiguration section */
		AB3C646F23F6F98900B20CC4 /* Debug */ = {
			isa = XCBuildConfiguration;
			buildSettings = {
				ALWAYS_SEARCH_USER_PATHS = NO;
				CLANG_ANALYZER_NONNULL = YES;
				CLANG_ANALYZER_NUMBER_OBJECT_CONVERSION = YES_AGGRESSIVE;
				CLANG_CXX_LANGUAGE_STANDARD = "gnu++14";
				CLANG_CXX_LIBRARY = "libc++";
				CLANG_ENABLE_MODULES = YES;
				CLANG_ENABLE_OBJC_ARC = YES;
				CLANG_ENABLE_OBJC_WEAK = YES;
				CLANG_WARN_BLOCK_CAPTURE_AUTORELEASING = YES;
				CLANG_WARN_BOOL_CONVERSION = YES;
				CLANG_WARN_COMMA = YES;
				CLANG_WARN_CONSTANT_CONVERSION = YES;
				CLANG_WARN_DEPRECATED_OBJC_IMPLEMENTATIONS = YES;
				CLANG_WARN_DIRECT_OBJC_ISA_USAGE = YES_ERROR;
				CLANG_WARN_DOCUMENTATION_COMMENTS = YES;
				CLANG_WARN_EMPTY_BODY = YES;
				CLANG_WARN_ENUM_CONVERSION = YES;
				CLANG_WARN_INFINITE_RECURSION = YES;
				CLANG_WARN_INT_CONVERSION = YES;
				CLANG_WARN_NON_LITERAL_NULL_CONVERSION = YES;
				CLANG_WARN_OBJC_IMPLICIT_RETAIN_SELF = YES;
				CLANG_WARN_OBJC_LITERAL_CONVERSION = YES;
				CLANG_WARN_OBJC_ROOT_CLASS = YES_ERROR;
				CLANG_WARN_RANGE_LOOP_ANALYSIS = YES;
				CLANG_WARN_STRICT_PROTOTYPES = YES;
				CLANG_WARN_SUSPICIOUS_MOVE = YES;
				CLANG_WARN_UNGUARDED_AVAILABILITY = YES_AGGRESSIVE;
				CLANG_WARN_UNREACHABLE_CODE = YES;
				CLANG_WARN__DUPLICATE_METHOD_MATCH = YES;
				COPY_PHASE_STRIP = NO;
				DEBUG_INFORMATION_FORMAT = dwarf;
				ENABLE_STRICT_OBJC_MSGSEND = YES;
				ENABLE_TESTABILITY = YES;
				GCC_C_LANGUAGE_STANDARD = gnu11;
				GCC_DYNAMIC_NO_PIC = NO;
				GCC_NO_COMMON_BLOCKS = YES;
				GCC_OPTIMIZATION_LEVEL = 0;
				GCC_PREPROCESSOR_DEFINITIONS = (
					"DEBUG=1",
					"$(inherited)",
				);
				GCC_WARN_64_TO_32_BIT_CONVERSION = YES;
				GCC_WARN_ABOUT_RETURN_TYPE = YES_ERROR;
				GCC_WARN_UNDECLARED_SELECTOR = YES;
				GCC_WARN_UNINITIALIZED_AUTOS = YES_AGGRESSIVE;
				GCC_WARN_UNUSED_FUNCTION = YES;
				GCC_WARN_UNUSED_VARIABLE = YES;
				MACOSX_DEPLOYMENT_TARGET = 10.15;
				MTL_ENABLE_DEBUG_INFO = INCLUDE_SOURCE;
				MTL_FAST_MATH = YES;
				ONLY_ACTIVE_ARCH = YES;
				SDKROOT = macosx;
			};
			name = Debug;
		};
		AB3C647023F6F98900B20CC4 /* Release */ = {
			isa = XCBuildConfiguration;
			buildSettings = {
				ALWAYS_SEARCH_USER_PATHS = NO;
				CLANG_ANALYZER_NONNULL = YES;
				CLANG_ANALYZER_NUMBER_OBJECT_CONVERSION = YES_AGGRESSIVE;
				CLANG_CXX_LANGUAGE_STANDARD = "gnu++14";
				CLANG_CXX_LIBRARY = "libc++";
				CLANG_ENABLE_MODULES = YES;
				CLANG_ENABLE_OBJC_ARC = YES;
				CLANG_ENABLE_OBJC_WEAK = YES;
				CLANG_WARN_BLOCK_CAPTURE_AUTORELEASING = YES;
				CLANG_WARN_BOOL_CONVERSION = YES;
				CLANG_WARN_COMMA = YES;
				CLANG_WARN_CONSTANT_CONVERSION = YES;
				CLANG_WARN_DEPRECATED_OBJC_IMPLEMENTATIONS = YES;
				CLANG_WARN_DIRECT_OBJC_ISA_USAGE = YES_ERROR;
				CLANG_WARN_DOCUMENTATION_COMMENTS = YES;
				CLANG_WARN_EMPTY_BODY = YES;
				CLANG_WARN_ENUM_CONVERSION = YES;
				CLANG_WARN_INFINITE_RECURSION = YES;
				CLANG_WARN_INT_CONVERSION = YES;
				CLANG_WARN_NON_LITERAL_NULL_CONVERSION = YES;
				CLANG_WARN_OBJC_IMPLICIT_RETAIN_SELF = YES;
				CLANG_WARN_OBJC_LITERAL_CONVERSION = YES;
				CLANG_WARN_OBJC_ROOT_CLASS = YES_ERROR;
				CLANG_WARN_RANGE_LOOP_ANALYSIS = YES;
				CLANG_WARN_STRICT_PROTOTYPES = YES;
				CLANG_WARN_SUSPICIOUS_MOVE = YES;
				CLANG_WARN_UNGUARDED_AVAILABILITY = YES_AGGRESSIVE;
				CLANG_WARN_UNREACHABLE_CODE = YES;
				CLANG_WARN__DUPLICATE_METHOD_MATCH = YES;
				COPY_PHASE_STRIP = NO;
				DEBUG_INFORMATION_FORMAT = "dwarf-with-dsym";
				ENABLE_NS_ASSERTIONS = NO;
				ENABLE_STRICT_OBJC_MSGSEND = YES;
				GCC_C_LANGUAGE_STANDARD = gnu11;
				GCC_NO_COMMON_BLOCKS = YES;
				GCC_WARN_64_TO_32_BIT_CONVERSION = YES;
				GCC_WARN_ABOUT_RETURN_TYPE = YES_ERROR;
				GCC_WARN_UNDECLARED_SELECTOR = YES;
				GCC_WARN_UNINITIALIZED_AUTOS = YES_AGGRESSIVE;
				GCC_WARN_UNUSED_FUNCTION = YES;
				GCC_WARN_UNUSED_VARIABLE = YES;
				MACOSX_DEPLOYMENT_TARGET = 10.15;
				MTL_ENABLE_DEBUG_INFO = NO;
				MTL_FAST_MATH = YES;
				SDKROOT = macosx;
			};
			name = Release;
		};
		AB3C647223F6F98900B20CC4 /* Debug */ = {
			isa = XCBuildConfiguration;
			buildSettings = {
				CODE_SIGN_STYLE = Automatic;
				DEVELOPMENT_TEAM = DCQFJ2K8S3;
				EXECUTABLE_PREFIX = lib;
				ONLY_ACTIVE_ARCH = NO;
				"OTHER_CFLAGS[arch=*]" = "-fembed-bitcode";
				PRODUCT_NAME = "$(TARGET_NAME)";
				SDKROOT = appletvos;
				SKIP_INSTALL = YES;
			};
			name = Debug;
		};
		AB3C647323F6F98900B20CC4 /* Release */ = {
			isa = XCBuildConfiguration;
			buildSettings = {
				CODE_SIGN_STYLE = Automatic;
				DEVELOPMENT_TEAM = DCQFJ2K8S3;
				EXECUTABLE_PREFIX = lib;
				"OTHER_CFLAGS[arch=*]" = "-fembed-bitcode";
				PRODUCT_NAME = "$(TARGET_NAME)";
				SDKROOT = appletvos;
				SKIP_INSTALL = YES;
			};
			name = Release;
		};
/* End XCBuildConfiguration section */

/* Begin XCConfigurationList section */
		AB3C646323F6F98800B20CC4 /* Build configuration list for PBXProject "HHCloudKitTVOS" */ = {
			isa = XCConfigurationList;
			buildConfigurations = (
				AB3C646F23F6F98900B20CC4 /* Debug */,
				AB3C647023F6F98900B20CC4 /* Release */,
			);
			defaultConfigurationIsVisible = 0;
			defaultConfigurationName = Release;
		};
		AB3C647123F6F98900B20CC4 /* Build configuration list for PBXNativeTarget "HHCloudKitTVOS" */ = {
			isa = XCConfigurationList;
			buildConfigurations = (
				AB3C647223F6F98900B20CC4 /* Debug */,
				AB3C647323F6F98900B20CC4 /* Release */,
			);
			defaultConfigurationIsVisible = 0;
			defaultConfigurationName = Release;
		};
/* End XCConfigurationList section */
	};
	rootObject = AB3C646023F6F98800B20CC4 /* Project object */;
}
